// !$*UTF8*$!
{
	archiveVersion = 1;
	classes = {
	};
	objectVersion = 50;
	objects = {

/* Begin PBXBuildFile section */
		446E161122EF18F700FDD951 /* AppDelegate.swift in Sources */ = {isa = PBXBuildFile; fileRef = 446E161022EF18F700FDD951 /* AppDelegate.swift */; };
		446E161322EF18F700FDD951 /* SceneDelegate.swift in Sources */ = {isa = PBXBuildFile; fileRef = 446E161222EF18F700FDD951 /* SceneDelegate.swift */; };
		446E161522EF18F700FDD951 /* ViewController.swift in Sources */ = {isa = PBXBuildFile; fileRef = 446E161422EF18F700FDD951 /* ViewController.swift */; };
		446E161822EF18F700FDD951 /* Main.storyboard in Resources */ = {isa = PBXBuildFile; fileRef = 446E161622EF18F700FDD951 /* Main.storyboard */; };
		446E161B22EF18F700FDD951 /* AltEdu.xcdatamodeld in Sources */ = {isa = PBXBuildFile; fileRef = 446E161922EF18F700FDD951 /* AltEdu.xcdatamodeld */; };
		446E161D22EF18FA00FDD951 /* Assets.xcassets in Resources */ = {isa = PBXBuildFile; fileRef = 446E161C22EF18FA00FDD951 /* Assets.xcassets */; };
		446E162022EF18FA00FDD951 /* LaunchScreen.storyboard in Resources */ = {isa = PBXBuildFile; fileRef = 446E161E22EF18FA00FDD951 /* LaunchScreen.storyboard */; };
		446E164722EF20AB00FDD951 /* Lesson+CoreDataClass.swift in Sources */ = {isa = PBXBuildFile; fileRef = 446E164322EF20AB00FDD951 /* Lesson+CoreDataClass.swift */; };
		446E164822EF20AB00FDD951 /* Lesson+CoreDataProperties.swift in Sources */ = {isa = PBXBuildFile; fileRef = 446E164422EF20AB00FDD951 /* Lesson+CoreDataProperties.swift */; };
		446E164922EF20AB00FDD951 /* Student+CoreDataClass.swift in Sources */ = {isa = PBXBuildFile; fileRef = 446E164522EF20AB00FDD951 /* Student+CoreDataClass.swift */; };
		446E164A22EF20AB00FDD951 /* Student+CoreDataProperties.swift in Sources */ = {isa = PBXBuildFile; fileRef = 446E164622EF20AB00FDD951 /* Student+CoreDataProperties.swift */; };
/* End PBXBuildFile section */

/* Begin PBXFileReference section */
		446E160D22EF18F700FDD951 /* AltEdu.app */ = {isa = PBXFileReference; explicitFileType = wrapper.application; includeInIndex = 0; path = AltEdu.app; sourceTree = BUILT_PRODUCTS_DIR; };
		446E161022EF18F700FDD951 /* AppDelegate.swift */ = {isa = PBXFileReference; lastKnownFileType = sourcecode.swift; path = AppDelegate.swift; sourceTree = "<group>"; };
		446E161222EF18F700FDD951 /* SceneDelegate.swift */ = {isa = PBXFileReference; lastKnownFileType = sourcecode.swift; path = SceneDelegate.swift; sourceTree = "<group>"; };
		446E161422EF18F700FDD951 /* ViewController.swift */ = {isa = PBXFileReference; lastKnownFileType = sourcecode.swift; path = ViewController.swift; sourceTree = "<group>"; };
		446E161722EF18F700FDD951 /* Base */ = {isa = PBXFileReference; lastKnownFileType = file.storyboard; name = Base; path = Base.lproj/Main.storyboard; sourceTree = "<group>"; };
		446E161A22EF18F700FDD951 /* AltEdu.xcdatamodel */ = {isa = PBXFileReference; lastKnownFileType = wrapper.xcdatamodel; path = AltEdu.xcdatamodel; sourceTree = "<group>"; };
		446E161C22EF18FA00FDD951 /* Assets.xcassets */ = {isa = PBXFileReference; lastKnownFileType = folder.assetcatalog; path = Assets.xcassets; sourceTree = "<group>"; };
		446E161F22EF18FA00FDD951 /* Base */ = {isa = PBXFileReference; lastKnownFileType = file.storyboard; name = Base; path = Base.lproj/LaunchScreen.storyboard; sourceTree = "<group>"; };
		446E162122EF18FA00FDD951 /* Info.plist */ = {isa = PBXFileReference; lastKnownFileType = text.plist.xml; path = Info.plist; sourceTree = "<group>"; };
		446E164322EF20AB00FDD951 /* Lesson+CoreDataClass.swift */ = {isa = PBXFileReference; lastKnownFileType = sourcecode.swift; path = "Lesson+CoreDataClass.swift"; sourceTree = "<group>"; };
		446E164422EF20AB00FDD951 /* Lesson+CoreDataProperties.swift */ = {isa = PBXFileReference; lastKnownFileType = sourcecode.swift; path = "Lesson+CoreDataProperties.swift"; sourceTree = "<group>"; };
		446E164522EF20AB00FDD951 /* Student+CoreDataClass.swift */ = {isa = PBXFileReference; lastKnownFileType = sourcecode.swift; path = "Student+CoreDataClass.swift"; sourceTree = "<group>"; };
		446E164622EF20AB00FDD951 /* Student+CoreDataProperties.swift */ = {isa = PBXFileReference; lastKnownFileType = sourcecode.swift; path = "Student+CoreDataProperties.swift"; sourceTree = "<group>"; };
/* End PBXFileReference section */

/* Begin PBXFrameworksBuildPhase section */
		446E160A22EF18F700FDD951 /* Frameworks */ = {
			isa = PBXFrameworksBuildPhase;
			buildActionMask = 2147483647;
			files = (
			);
			runOnlyForDeploymentPostprocessing = 0;
		};
/* End PBXFrameworksBuildPhase section */

/* Begin PBXGroup section */
		446E160422EF18F700FDD951 = {
			isa = PBXGroup;
			children = (
				446E160F22EF18F700FDD951 /* AltEdu */,
				446E160E22EF18F700FDD951 /* Products */,
			);
			sourceTree = "<group>";
		};
		446E160E22EF18F700FDD951 /* Products */ = {
			isa = PBXGroup;
			children = (
				446E160D22EF18F700FDD951 /* AltEdu.app */,
			);
			name = Products;
			sourceTree = "<group>";
		};
		446E160F22EF18F700FDD951 /* AltEdu */ = {
			isa = PBXGroup;
			children = (
				446E164B22EF20C600FDD951 /* Data Model */,
				446E161022EF18F700FDD951 /* AppDelegate.swift */,
				446E161222EF18F700FDD951 /* SceneDelegate.swift */,
				446E161422EF18F700FDD951 /* ViewController.swift */,
				446E161622EF18F700FDD951 /* Main.storyboard */,
				446E161C22EF18FA00FDD951 /* Assets.xcassets */,
				446E161E22EF18FA00FDD951 /* LaunchScreen.storyboard */,
				446E162122EF18FA00FDD951 /* Info.plist */,
				446E161922EF18F700FDD951 /* AltEdu.xcdatamodeld */,
			);
			path = AltEdu;
			sourceTree = "<group>";
		};
		446E164B22EF20C600FDD951 /* Data Model */ = {
			isa = PBXGroup;
			children = (
				446E164322EF20AB00FDD951 /* Lesson+CoreDataClass.swift */,
				446E164422EF20AB00FDD951 /* Lesson+CoreDataProperties.swift */,
				446E164522EF20AB00FDD951 /* Student+CoreDataClass.swift */,
				446E164622EF20AB00FDD951 /* Student+CoreDataProperties.swift */,
			);
			path = "Data Model";
			sourceTree = "<group>";
		};
/* End PBXGroup section */

/* Begin PBXNativeTarget section */
		446E160C22EF18F700FDD951 /* AltEdu */ = {
			isa = PBXNativeTarget;
			buildConfigurationList = 446E162422EF18FA00FDD951 /* Build configuration list for PBXNativeTarget "AltEdu" */;
			buildPhases = (
				446E160922EF18F700FDD951 /* Sources */,
				446E160A22EF18F700FDD951 /* Frameworks */,
				446E160B22EF18F700FDD951 /* Resources */,
			);
			buildRules = (
			);
			dependencies = (
			);
			name = AltEdu;
			productName = AltEdu;
			productReference = 446E160D22EF18F700FDD951 /* AltEdu.app */;
			productType = "com.apple.product-type.application";
		};
/* End PBXNativeTarget section */

/* Begin PBXProject section */
		446E160522EF18F700FDD951 /* Project object */ = {
			isa = PBXProject;
			attributes = {
				LastSwiftUpdateCheck = 1100;
				LastUpgradeCheck = 1100;
				ORGANIZATIONNAME = "Wissa Michael";
				TargetAttributes = {
					446E160C22EF18F700FDD951 = {
						CreatedOnToolsVersion = 11.0;
					};
				};
			};
			buildConfigurationList = 446E160822EF18F700FDD951 /* Build configuration list for PBXProject "AltEdu" */;
			compatibilityVersion = "Xcode 9.3";
			developmentRegion = en;
			hasScannedForEncodings = 0;
			knownRegions = (
				en,
				Base,
			);
			mainGroup = 446E160422EF18F700FDD951;
			productRefGroup = 446E160E22EF18F700FDD951 /* Products */;
			projectDirPath = "";
			projectRoot = "";
			targets = (
				446E160C22EF18F700FDD951 /* AltEdu */,
			);
		};
/* End PBXProject section */

/* Begin PBXResourcesBuildPhase section */
		446E160B22EF18F700FDD951 /* Resources */ = {
			isa = PBXResourcesBuildPhase;
			buildActionMask = 2147483647;
			files = (
				446E162022EF18FA00FDD951 /* LaunchScreen.storyboard in Resources */,
				446E161D22EF18FA00FDD951 /* Assets.xcassets in Resources */,
				446E161822EF18F700FDD951 /* Main.storyboard in Resources */,
			);
			runOnlyForDeploymentPostprocessing = 0;
		};
/* End PBXResourcesBuildPhase section */

/* Begin PBXSourcesBuildPhase section */
		446E160922EF18F700FDD951 /* Sources */ = {
			isa = PBXSourcesBuildPhase;
			buildActionMask = 2147483647;
			files = (
				446E164722EF20AB00FDD951 /* Lesson+CoreDataClass.swift in Sources */,
				446E161522EF18F700FDD951 /* ViewController.swift in Sources */,
				446E164A22EF20AB00FDD951 /* Student+CoreDataProperties.swift in Sources */,
				446E161122EF18F700FDD951 /* AppDelegate.swift in Sources */,
				446E164922EF20AB00FDD951 /* Student+CoreDataClass.swift in Sources */,
				446E161B22EF18F700FDD951 /* AltEdu.xcdatamodeld in Sources */,
				446E161322EF18F700FDD951 /* SceneDelegate.swift in Sources */,
				446E164822EF20AB00FDD951 /* Lesson+CoreDataProperties.swift in Sources */,
			);
			runOnlyForDeploymentPostprocessing = 0;
		};
/* End PBXSourcesBuildPhase section */

/* Begin PBXVariantGroup section */
		446E161622EF18F700FDD951 /* Main.storyboard */ = {
			isa = PBXVariantGroup;
			children = (
				446E161722EF18F700FDD951 /* Base */,
			);
			name = Main.storyboard;
			sourceTree = "<group>";
		};
		446E161E22EF18FA00FDD951 /* LaunchScreen.storyboard */ = {
			isa = PBXVariantGroup;
			children = (
				446E161F22EF18FA00FDD951 /* Base */,
			);
			name = LaunchScreen.storyboard;
			sourceTree = "<group>";
		};
/* End PBXVariantGroup section */

/* Begin XCBuildConfiguration section */
		446E162222EF18FA00FDD951 /* Debug */ = {
			isa = XCBuildConfiguration;
			buildSettings = {
				ALWAYS_SEARCH_USER_PATHS = NO;
				CLANG_ANALYZER_NONNULL = YES;
				CLANG_ANALYZER_NUMBER_OBJECT_CONVERSION = YES_AGGRESSIVE;
				CLANG_CXX_LANGUAGE_STANDARD = "gnu++14";
				CLANG_CXX_LIBRARY = "libc++";
				CLANG_ENABLE_MODULES = YES;
				CLANG_ENABLE_OBJC_ARC = YES;
				CLANG_ENABLE_OBJC_WEAK = YES;
				CLANG_WARN_BLOCK_CAPTURE_AUTORELEASING = YES;
				CLANG_WARN_BOOL_CONVERSION = YES;
				CLANG_WARN_COMMA = YES;
				CLANG_WARN_CONSTANT_CONVERSION = YES;
				CLANG_WARN_DEPRECATED_OBJC_IMPLEMENTATIONS = YES;
				CLANG_WARN_DIRECT_OBJC_ISA_USAGE = YES_ERROR;
				CLANG_WARN_DOCUMENTATION_COMMENTS = YES;
				CLANG_WARN_EMPTY_BODY = YES;
				CLANG_WARN_ENUM_CONVERSION = YES;
				CLANG_WARN_INFINITE_RECURSION = YES;
				CLANG_WARN_INT_CONVERSION = YES;
				CLANG_WARN_NON_LITERAL_NULL_CONVERSION = YES;
				CLANG_WARN_OBJC_IMPLICIT_RETAIN_SELF = YES;
				CLANG_WARN_OBJC_LITERAL_CONVERSION = YES;
				CLANG_WARN_OBJC_ROOT_CLASS = YES_ERROR;
				CLANG_WARN_RANGE_LOOP_ANALYSIS = YES;
				CLANG_WARN_STRICT_PROTOTYPES = YES;
				CLANG_WARN_SUSPICIOUS_MOVE = YES;
				CLANG_WARN_UNGUARDED_AVAILABILITY = YES_AGGRESSIVE;
				CLANG_WARN_UNREACHABLE_CODE = YES;
				CLANG_WARN__DUPLICATE_METHOD_MATCH = YES;
				COPY_PHASE_STRIP = NO;
				DEBUG_INFORMATION_FORMAT = dwarf;
				ENABLE_STRICT_OBJC_MSGSEND = YES;
				ENABLE_TESTABILITY = YES;
				GCC_C_LANGUAGE_STANDARD = gnu11;
				GCC_DYNAMIC_NO_PIC = NO;
				GCC_NO_COMMON_BLOCKS = YES;
				GCC_OPTIMIZATION_LEVEL = 0;
				GCC_PREPROCESSOR_DEFINITIONS = (
					"DEBUG=1",
					"$(inherited)",
				);
				GCC_WARN_64_TO_32_BIT_CONVERSION = YES;
				GCC_WARN_ABOUT_RETURN_TYPE = YES_ERROR;
				GCC_WARN_UNDECLARED_SELECTOR = YES;
				GCC_WARN_UNINITIALIZED_AUTOS = YES_AGGRESSIVE;
				GCC_WARN_UNUSED_FUNCTION = YES;
				GCC_WARN_UNUSED_VARIABLE = YES;
				IPHONEOS_DEPLOYMENT_TARGET = 13.0;
				MTL_ENABLE_DEBUG_INFO = INCLUDE_SOURCE;
				MTL_FAST_MATH = YES;
				ONLY_ACTIVE_ARCH = YES;
				SDKROOT = iphoneos;
				SWIFT_ACTIVE_COMPILATION_CONDITIONS = DEBUG;
				SWIFT_OPTIMIZATION_LEVEL = "-Onone";
			};
			name = Debug;
		};
		446E162322EF18FA00FDD951 /* Release */ = {
			isa = XCBuildConfiguration;
			buildSettings = {
				ALWAYS_SEARCH_USER_PATHS = NO;
				CLANG_ANALYZER_NONNULL = YES;
				CLANG_ANALYZER_NUMBER_OBJECT_CONVERSION = YES_AGGRESSIVE;
				CLANG_CXX_LANGUAGE_STANDARD = "gnu++14";
				CLANG_CXX_LIBRARY = "libc++";
				CLANG_ENABLE_MODULES = YES;
				CLANG_ENABLE_OBJC_ARC = YES;
				CLANG_ENABLE_OBJC_WEAK = YES;
				CLANG_WARN_BLOCK_CAPTURE_AUTORELEASING = YES;
				CLANG_WARN_BOOL_CONVERSION = YES;
				CLANG_WARN_COMMA = YES;
				CLANG_WARN_CONSTANT_CONVERSION = YES;
				CLANG_WARN_DEPRECATED_OBJC_IMPLEMENTATIONS = YES;
				CLANG_WARN_DIRECT_OBJC_ISA_USAGE = YES_ERROR;
				CLANG_WARN_DOCUMENTATION_COMMENTS = YES;
				CLANG_WARN_EMPTY_BODY = YES;
				CLANG_WARN_ENUM_CONVERSION = YES;
				CLANG_WARN_INFINITE_RECURSION = YES;
				CLANG_WARN_INT_CONVERSION = YES;
				CLANG_WARN_NON_LITERAL_NULL_CONVERSION = YES;
				CLANG_WARN_OBJC_IMPLICIT_RETAIN_SELF = YES;
				CLANG_WARN_OBJC_LITERAL_CONVERSION = YES;
				CLANG_WARN_OBJC_ROOT_CLASS = YES_ERROR;
				CLANG_WARN_RANGE_LOOP_ANALYSIS = YES;
				CLANG_WARN_STRICT_PROTOTYPES = YES;
				CLANG_WARN_SUSPICIOUS_MOVE = YES;
				CLANG_WARN_UNGUARDED_AVAILABILITY = YES_AGGRESSIVE;
				CLANG_WARN_UNREACHABLE_CODE = YES;
				CLANG_WARN__DUPLICATE_METHOD_MATCH = YES;
				COPY_PHASE_STRIP = NO;
				DEBUG_INFORMATION_FORMAT = "dwarf-with-dsym";
				ENABLE_NS_ASSERTIONS = NO;
				ENABLE_STRICT_OBJC_MSGSEND = YES;
				GCC_C_LANGUAGE_STANDARD = gnu11;
				GCC_NO_COMMON_BLOCKS = YES;
				GCC_WARN_64_TO_32_BIT_CONVERSION = YES;
				GCC_WARN_ABOUT_RETURN_TYPE = YES_ERROR;
				GCC_WARN_UNDECLARED_SELECTOR = YES;
				GCC_WARN_UNINITIALIZED_AUTOS = YES_AGGRESSIVE;
				GCC_WARN_UNUSED_FUNCTION = YES;
				GCC_WARN_UNUSED_VARIABLE = YES;
				IPHONEOS_DEPLOYMENT_TARGET = 13.0;
				MTL_ENABLE_DEBUG_INFO = NO;
				MTL_FAST_MATH = YES;
				SDKROOT = iphoneos;
				SWIFT_COMPILATION_MODE = wholemodule;
				SWIFT_OPTIMIZATION_LEVEL = "-O";
				VALIDATE_PRODUCT = YES;
			};
			name = Release;
		};
		446E162522EF18FA00FDD951 /* Debug */ = {
			isa = XCBuildConfiguration;
			buildSettings = {
				ASSETCATALOG_COMPILER_APPICON_NAME = AppIcon;
				CODE_SIGN_STYLE = Automatic;
				DEVELOPMENT_TEAM = 7Q6U3JR8A8;
				INFOPLIST_FILE = AltEdu/Info.plist;
				LD_RUNPATH_SEARCH_PATHS = (
					"$(inherited)",
					"@executable_path/Frameworks",
				);
				PRODUCT_BUNDLE_IDENTIFIER = com.inixt.AltEdu;
				PRODUCT_NAME = "$(TARGET_NAME)";
				SWIFT_VERSION = 5.0;
				TARGETED_DEVICE_FAMILY = "1,2";
			};
			name = Debug;
		};
		446E162622EF18FA00FDD951 /* Release */ = {
			isa = XCBuildConfiguration;
			buildSettings = {
				ASSETCATALOG_COMPILER_APPICON_NAME = AppIcon;
				CODE_SIGN_STYLE = Automatic;
				DEVELOPMENT_TEAM = 7Q6U3JR8A8;
				INFOPLIST_FILE = AltEdu/Info.plist;
				LD_RUNPATH_SEARCH_PATHS = (
					"$(inherited)",
					"@executable_path/Frameworks",
				);
				PRODUCT_BUNDLE_IDENTIFIER = com.inixt.AltEdu;
				PRODUCT_NAME = "$(TARGET_NAME)";
				SWIFT_VERSION = 5.0;
				TARGETED_DEVICE_FAMILY = "1,2";
			};
			name = Release;
		};
/* End XCBuildConfiguration section */

/* Begin XCConfigurationList section */
		446E160822EF18F700FDD951 /* Build configuration list for PBXProject "AltEdu" */ = {
			isa = XCConfigurationList;
			buildConfigurations = (
				446E162222EF18FA00FDD951 /* Debug */,
				446E162322EF18FA00FDD951 /* Release */,
			);
			defaultConfigurationIsVisible = 0;
			defaultConfigurationName = Release;
		};
		446E162422EF18FA00FDD951 /* Build configuration list for PBXNativeTarget "AltEdu" */ = {
			isa = XCConfigurationList;
			buildConfigurations = (
				446E162522EF18FA00FDD951 /* Debug */,
				446E162622EF18FA00FDD951 /* Release */,
			);
			defaultConfigurationIsVisible = 0;
			defaultConfigurationName = Release;
		};
/* End XCConfigurationList section */

/* Begin XCVersionGroup section */
		446E161922EF18F700FDD951 /* AltEdu.xcdatamodeld */ = {
			isa = XCVersionGroup;
			children = (
				446E161A22EF18F700FDD951 /* AltEdu.xcdatamodel */,
			);
			currentVersion = 446E161A22EF18F700FDD951 /* AltEdu.xcdatamodel */;
			path = AltEdu.xcdatamodeld;
			sourceTree = "<group>";
			versionGroupType = wrapper.xcdatamodel;
		};
/* End XCVersionGroup section */
	};
	rootObject = 446E160522EF18F700FDD951 /* Project object */;
}
